
Microsoft Visual Studio Solution File, Format Version 12.00
# Visual Studio Version 17
VisualStudioVersion = 17.3.32929.385
MinimumVisualStudioVersion = 10.0.40219.1
Project("{9A19103F-16F7-4668-BE54-9A1E7A4F7556}") = "PF2022_03_BlazorApp", "PF2022_03_BlazorApp.csproj", "{50E8318E-B226-4202-9CFD-780323429930}"
EndProject
Project("{FAE04EC0-301F-11D3-BF4B-00C04F79EFBC}") = "PF2022_03_BlazorAppTests", "..\PF2022_03_BlazorAppTests\PF2022_03_BlazorAppTests.csproj", "{94455098-553B-429C-8F21-661DEE3C42F0}"
EndProject
Global
	GlobalSection(SolutionConfigurationPlatforms) = preSolution
		Debug|Any CPU = Debug|Any CPU
		Release|Any CPU = Release|Any CPU
	EndGlobalSection
	GlobalSection(ProjectConfigurationPlatforms) = postSolution
		{50E8318E-B226-4202-9CFD-780323429930}.Debug|Any CPU.ActiveCfg = Debug|Any CPU
		{50E8318E-B226-4202-9CFD-780323429930}.Debug|Any CPU.Build.0 = Debug|Any CPU
		{50E8318E-B226-4202-9CFD-780323429930}.Release|Any CPU.ActiveCfg = Release|Any CPU
		{50E8318E-B226-4202-9CFD-780323429930}.Release|Any CPU.Build.0 = Release|Any CPU
		{94455098-553B-429C-8F21-661DEE3C42F0}.Debug|Any CPU.ActiveCfg = Debug|Any CPU
		{94455098-553B-429C-8F21-661DEE3C42F0}.Debug|Any CPU.Build.0 = Debug|Any CPU
		{94455098-553B-429C-8F21-661DEE3C42F0}.Release|Any CPU.ActiveCfg = Release|Any CPU
		{94455098-553B-429C-8F21-661DEE3C42F0}.Release|Any CPU.Build.0 = Release|Any CPU
	EndGlobalSection
	GlobalSection(SolutionProperties) = preSolution
		HideSolutionNode = FALSE
	EndGlobalSection
	GlobalSection(ExtensibilityGlobals) = postSolution
		SolutionGuid = {391D2FA3-12EF-4C3D-BBE9-048D6505FCDE}
	EndGlobalSection
EndGlobal
